// !$*UTF8*$!
{
	archiveVersion = 1;
	classes = {
	};
	objectVersion = 56;
	objects = {

/* Begin PBXBuildFile section */
		5C04603A2B303FB4004A63F0 /* MiddlewareAppApp.swift in Sources */ = {isa = PBXBuildFile; fileRef = 5C0460392B303FB4004A63F0 /* MiddlewareAppApp.swift */; };
		5C04603C2B303FB4004A63F0 /* ContentView.swift in Sources */ = {isa = PBXBuildFile; fileRef = 5C04603B2B303FB4004A63F0 /* ContentView.swift */; };
		5C04603E2B303FB5004A63F0 /* Assets.xcassets in Resources */ = {isa = PBXBuildFile; fileRef = 5C04603D2B303FB5004A63F0 /* Assets.xcassets */; };
		5C0460412B303FB5004A63F0 /* Preview Assets.xcassets in Resources */ = {isa = PBXBuildFile; fileRef = 5C0460402B303FB5004A63F0 /* Preview Assets.xcassets */; };
		5C04604B2B303FB5004A63F0 /* MiddlewareAppTests.swift in Sources */ = {isa = PBXBuildFile; fileRef = 5C04604A2B303FB5004A63F0 /* MiddlewareAppTests.swift */; };
		5C0460552B303FB5004A63F0 /* MiddlewareAppUITests.swift in Sources */ = {isa = PBXBuildFile; fileRef = 5C0460542B303FB5004A63F0 /* MiddlewareAppUITests.swift */; };
		5C0460572B303FB5004A63F0 /* MiddlewareAppUITestsLaunchTests.swift in Sources */ = {isa = PBXBuildFile; fileRef = 5C0460562B303FB5004A63F0 /* MiddlewareAppUITestsLaunchTests.swift */; };
/* End PBXBuildFile section */

/* Begin PBXContainerItemProxy section */
		5C0460472B303FB5004A63F0 /* PBXContainerItemProxy */ = {
			isa = PBXContainerItemProxy;
			containerPortal = 5C04602E2B303FB4004A63F0 /* Project object */;
			proxyType = 1;
			remoteGlobalIDString = 5C0460352B303FB4004A63F0;
			remoteInfo = MiddlewareApp;
		};
		5C0460512B303FB5004A63F0 /* PBXContainerItemProxy */ = {
			isa = PBXContainerItemProxy;
			containerPortal = 5C04602E2B303FB4004A63F0 /* Project object */;
			proxyType = 1;
			remoteGlobalIDString = 5C0460352B303FB4004A63F0;
			remoteInfo = MiddlewareApp;
		};
/* End PBXContainerItemProxy section */

/* Begin PBXFileReference section */
		5C0460362B303FB4004A63F0 /* MiddlewareApp.app */ = {isa = PBXFileReference; explicitFileType = wrapper.application; includeInIndex = 0; path = MiddlewareApp.app; sourceTree = BUILT_PRODUCTS_DIR; };
		5C0460392B303FB4004A63F0 /* MiddlewareAppApp.swift */ = {isa = PBXFileReference; lastKnownFileType = sourcecode.swift; path = MiddlewareAppApp.swift; sourceTree = "<group>"; };
		5C04603B2B303FB4004A63F0 /* ContentView.swift */ = {isa = PBXFileReference; lastKnownFileType = sourcecode.swift; path = ContentView.swift; sourceTree = "<group>"; };
		5C04603D2B303FB5004A63F0 /* Assets.xcassets */ = {isa = PBXFileReference; lastKnownFileType = folder.assetcatalog; path = Assets.xcassets; sourceTree = "<group>"; };
		5C0460402B303FB5004A63F0 /* Preview Assets.xcassets */ = {isa = PBXFileReference; lastKnownFileType = folder.assetcatalog; path = "Preview Assets.xcassets"; sourceTree = "<group>"; };
		5C0460462B303FB5004A63F0 /* MiddlewareAppTests.xctest */ = {isa = PBXFileReference; explicitFileType = wrapper.cfbundle; includeInIndex = 0; path = MiddlewareAppTests.xctest; sourceTree = BUILT_PRODUCTS_DIR; };
		5C04604A2B303FB5004A63F0 /* MiddlewareAppTests.swift */ = {isa = PBXFileReference; lastKnownFileType = sourcecode.swift; path = MiddlewareAppTests.swift; sourceTree = "<group>"; };
		5C0460502B303FB5004A63F0 /* MiddlewareAppUITests.xctest */ = {isa = PBXFileReference; explicitFileType = wrapper.cfbundle; includeInIndex = 0; path = MiddlewareAppUITests.xctest; sourceTree = BUILT_PRODUCTS_DIR; };
		5C0460542B303FB5004A63F0 /* MiddlewareAppUITests.swift */ = {isa = PBXFileReference; lastKnownFileType = sourcecode.swift; path = MiddlewareAppUITests.swift; sourceTree = "<group>"; };
		5C0460562B303FB5004A63F0 /* MiddlewareAppUITestsLaunchTests.swift */ = {isa = PBXFileReference; lastKnownFileType = sourcecode.swift; path = MiddlewareAppUITestsLaunchTests.swift; sourceTree = "<group>"; };
/* End PBXFileReference section */

/* Begin PBXFrameworksBuildPhase section */
		5C0460332B303FB4004A63F0 /* Frameworks */ = {
			isa = PBXFrameworksBuildPhase;
			buildActionMask = 2147483647;
			files = (
			);
			runOnlyForDeploymentPostprocessing = 0;
		};
		5C0460432B303FB5004A63F0 /* Frameworks */ = {
			isa = PBXFrameworksBuildPhase;
			buildActionMask = 2147483647;
			files = (
			);
			runOnlyForDeploymentPostprocessing = 0;
		};
		5C04604D2B303FB5004A63F0 /* Frameworks */ = {
			isa = PBXFrameworksBuildPhase;
			buildActionMask = 2147483647;
			files = (
			);
			runOnlyForDeploymentPostprocessing = 0;
		};
/* End PBXFrameworksBuildPhase section */

/* Begin PBXGroup section */
		5C04602D2B303FB4004A63F0 = {
			isa = PBXGroup;
			children = (
				5C0460382B303FB4004A63F0 /* MiddlewareApp */,
				5C0460492B303FB5004A63F0 /* MiddlewareAppTests */,
				5C0460532B303FB5004A63F0 /* MiddlewareAppUITests */,
				5C0460372B303FB4004A63F0 /* Products */,
			);
			sourceTree = "<group>";
		};
		5C0460372B303FB4004A63F0 /* Products */ = {
			isa = PBXGroup;
			children = (
				5C0460362B303FB4004A63F0 /* MiddlewareApp.app */,
				5C0460462B303FB5004A63F0 /* MiddlewareAppTests.xctest */,
				5C0460502B303FB5004A63F0 /* MiddlewareAppUITests.xctest */,
			);
			name = Products;
			sourceTree = "<group>";
		};
		5C0460382B303FB4004A63F0 /* MiddlewareApp */ = {
			isa = PBXGroup;
			children = (
				5C0460392B303FB4004A63F0 /* MiddlewareAppApp.swift */,
				5C04603B2B303FB4004A63F0 /* ContentView.swift */,
				5C04603D2B303FB5004A63F0 /* Assets.xcassets */,
				5C04603F2B303FB5004A63F0 /* Preview Content */,
			);
			path = MiddlewareApp;
			sourceTree = "<group>";
		};
		5C04603F2B303FB5004A63F0 /* Preview Content */ = {
			isa = PBXGroup;
			children = (
				5C0460402B303FB5004A63F0 /* Preview Assets.xcassets */,
			);
			path = "Preview Content";
			sourceTree = "<group>";
		};
		5C0460492B303FB5004A63F0 /* MiddlewareAppTests */ = {
			isa = PBXGroup;
			children = (
				5C04604A2B303FB5004A63F0 /* MiddlewareAppTests.swift */,
			);
			path = MiddlewareAppTests;
			sourceTree = "<group>";
		};
		5C0460532B303FB5004A63F0 /* MiddlewareAppUITests */ = {
			isa = PBXGroup;
			children = (
				5C0460542B303FB5004A63F0 /* MiddlewareAppUITests.swift */,
				5C0460562B303FB5004A63F0 /* MiddlewareAppUITestsLaunchTests.swift */,
			);
			path = MiddlewareAppUITests;
			sourceTree = "<group>";
		};
/* End PBXGroup section */

/* Begin PBXNativeTarget section */
		5C0460352B303FB4004A63F0 /* MiddlewareApp */ = {
			isa = PBXNativeTarget;
			buildConfigurationList = 5C04605A2B303FB5004A63F0 /* Build configuration list for PBXNativeTarget "MiddlewareApp" */;
			buildPhases = (
				5C0460322B303FB4004A63F0 /* Sources */,
				5C0460332B303FB4004A63F0 /* Frameworks */,
				5C0460342B303FB4004A63F0 /* Resources */,
			);
			buildRules = (
			);
			dependencies = (
			);
			name = MiddlewareApp;
			productName = MiddlewareApp;
			productReference = 5C0460362B303FB4004A63F0 /* MiddlewareApp.app */;
			productType = "com.apple.product-type.application";
		};
		5C0460452B303FB5004A63F0 /* MiddlewareAppTests */ = {
			isa = PBXNativeTarget;
			buildConfigurationList = 5C04605D2B303FB5004A63F0 /* Build configuration list for PBXNativeTarget "MiddlewareAppTests" */;
			buildPhases = (
				5C0460422B303FB5004A63F0 /* Sources */,
				5C0460432B303FB5004A63F0 /* Frameworks */,
				5C0460442B303FB5004A63F0 /* Resources */,
			);
			buildRules = (
			);
			dependencies = (
				5C0460482B303FB5004A63F0 /* PBXTargetDependency */,
			);
			name = MiddlewareAppTests;
			productName = MiddlewareAppTests;
			productReference = 5C0460462B303FB5004A63F0 /* MiddlewareAppTests.xctest */;
			productType = "com.apple.product-type.bundle.unit-test";
		};
		5C04604F2B303FB5004A63F0 /* MiddlewareAppUITests */ = {
			isa = PBXNativeTarget;
			buildConfigurationList = 5C0460602B303FB5004A63F0 /* Build configuration list for PBXNativeTarget "MiddlewareAppUITests" */;
			buildPhases = (
				5C04604C2B303FB5004A63F0 /* Sources */,
				5C04604D2B303FB5004A63F0 /* Frameworks */,
				5C04604E2B303FB5004A63F0 /* Resources */,
			);
			buildRules = (
			);
			dependencies = (
				5C0460522B303FB5004A63F0 /* PBXTargetDependency */,
			);
			name = MiddlewareAppUITests;
			productName = MiddlewareAppUITests;
			productReference = 5C0460502B303FB5004A63F0 /* MiddlewareAppUITests.xctest */;
			productType = "com.apple.product-type.bundle.ui-testing";
		};
/* End PBXNativeTarget section */

/* Begin PBXProject section */
		5C04602E2B303FB4004A63F0 /* Project object */ = {
			isa = PBXProject;
			attributes = {
				BuildIndependentTargetsInParallel = 1;
				LastSwiftUpdateCheck = 1510;
				LastUpgradeCheck = 1510;
				TargetAttributes = {
					5C0460352B303FB4004A63F0 = {
						CreatedOnToolsVersion = 15.1;
					};
					5C0460452B303FB5004A63F0 = {
						CreatedOnToolsVersion = 15.1;
						TestTargetID = 5C0460352B303FB4004A63F0;
					};
					5C04604F2B303FB5004A63F0 = {
						CreatedOnToolsVersion = 15.1;
						TestTargetID = 5C0460352B303FB4004A63F0;
					};
				};
			};
			buildConfigurationList = 5C0460312B303FB4004A63F0 /* Build configuration list for PBXProject "MiddlewareApp" */;
			compatibilityVersion = "Xcode 14.0";
			developmentRegion = en;
			hasScannedForEncodings = 0;
			knownRegions = (
				en,
				Base,
			);
			mainGroup = 5C04602D2B303FB4004A63F0;
			productRefGroup = 5C0460372B303FB4004A63F0 /* Products */;
			projectDirPath = "";
			projectRoot = "";
			targets = (
				5C0460352B303FB4004A63F0 /* MiddlewareApp */,
				5C0460452B303FB5004A63F0 /* MiddlewareAppTests */,
				5C04604F2B303FB5004A63F0 /* MiddlewareAppUITests */,
			);
		};
/* End PBXProject section */

/* Begin PBXResourcesBuildPhase section */
		5C0460342B303FB4004A63F0 /* Resources */ = {
			isa = PBXResourcesBuildPhase;
			buildActionMask = 2147483647;
			files = (
				5C0460412B303FB5004A63F0 /* Preview Assets.xcassets in Resources */,
				5C04603E2B303FB5004A63F0 /* Assets.xcassets in Resources */,
			);
			runOnlyForDeploymentPostprocessing = 0;
		};
		5C0460442B303FB5004A63F0 /* Resources */ = {
			isa = PBXResourcesBuildPhase;
			buildActionMask = 2147483647;
			files = (
			);
			runOnlyForDeploymentPostprocessing = 0;
		};
		5C04604E2B303FB5004A63F0 /* Resources */ = {
			isa = PBXResourcesBuildPhase;
			buildActionMask = 2147483647;
			files = (
			);
			runOnlyForDeploymentPostprocessing = 0;
		};
/* End PBXResourcesBuildPhase section */

/* Begin PBXSourcesBuildPhase section */
		5C0460322B303FB4004A63F0 /* Sources */ = {
			isa = PBXSourcesBuildPhase;
			buildActionMask = 2147483647;
			files = (
				5C04603C2B303FB4004A63F0 /* ContentView.swift in Sources */,
				5C04603A2B303FB4004A63F0 /* MiddlewareAppApp.swift in Sources */,
			);
			runOnlyForDeploymentPostprocessing = 0;
		};
		5C0460422B303FB5004A63F0 /* Sources */ = {
			isa = PBXSourcesBuildPhase;
			buildActionMask = 2147483647;
			files = (
				5C04604B2B303FB5004A63F0 /* MiddlewareAppTests.swift in Sources */,
			);
			runOnlyForDeploymentPostprocessing = 0;
		};
		5C04604C2B303FB5004A63F0 /* Sources */ = {
			isa = PBXSourcesBuildPhase;
			buildActionMask = 2147483647;
			files = (
				5C0460572B303FB5004A63F0 /* MiddlewareAppUITestsLaunchTests.swift in Sources */,
				5C0460552B303FB5004A63F0 /* MiddlewareAppUITests.swift in Sources */,
			);
			runOnlyForDeploymentPostprocessing = 0;
		};
/* End PBXSourcesBuildPhase section */

/* Begin PBXTargetDependency section */
		5C0460482B303FB5004A63F0 /* PBXTargetDependency */ = {
			isa = PBXTargetDependency;
			target = 5C0460352B303FB4004A63F0 /* MiddlewareApp */;
			targetProxy = 5C0460472B303FB5004A63F0 /* PBXContainerItemProxy */;
		};
		5C0460522B303FB5004A63F0 /* PBXTargetDependency */ = {
			isa = PBXTargetDependency;
			target = 5C0460352B303FB4004A63F0 /* MiddlewareApp */;
			targetProxy = 5C0460512B303FB5004A63F0 /* PBXContainerItemProxy */;
		};
/* End PBXTargetDependency section */

/* Begin XCBuildConfiguration section */
		5C0460582B303FB5004A63F0 /* Debug */ = {
			isa = XCBuildConfiguration;
			buildSettings = {
				ALWAYS_SEARCH_USER_PATHS = NO;
				ASSETCATALOG_COMPILER_GENERATE_SWIFT_ASSET_SYMBOL_EXTENSIONS = YES;
				CLANG_ANALYZER_NONNULL = YES;
				CLANG_ANALYZER_NUMBER_OBJECT_CONVERSION = YES_AGGRESSIVE;
				CLANG_CXX_LANGUAGE_STANDARD = "gnu++20";
				CLANG_ENABLE_MODULES = YES;
				CLANG_ENABLE_OBJC_ARC = YES;
				CLANG_ENABLE_OBJC_WEAK = YES;
				CLANG_WARN_BLOCK_CAPTURE_AUTORELEASING = YES;
				CLANG_WARN_BOOL_CONVERSION = YES;
				CLANG_WARN_COMMA = YES;
				CLANG_WARN_CONSTANT_CONVERSION = YES;
				CLANG_WARN_DEPRECATED_OBJC_IMPLEMENTATIONS = YES;
				CLANG_WARN_DIRECT_OBJC_ISA_USAGE = YES_ERROR;
				CLANG_WARN_DOCUMENTATION_COMMENTS = YES;
				CLANG_WARN_EMPTY_BODY = YES;
				CLANG_WARN_ENUM_CONVERSION = YES;
				CLANG_WARN_INFINITE_RECURSION = YES;
				CLANG_WARN_INT_CONVERSION = YES;
				CLANG_WARN_NON_LITERAL_NULL_CONVERSION = YES;
				CLANG_WARN_OBJC_IMPLICIT_RETAIN_SELF = YES;
				CLANG_WARN_OBJC_LITERAL_CONVERSION = YES;
				CLANG_WARN_OBJC_ROOT_CLASS = YES_ERROR;
				CLANG_WARN_QUOTED_INCLUDE_IN_FRAMEWORK_HEADER = YES;
				CLANG_WARN_RANGE_LOOP_ANALYSIS = YES;
				CLANG_WARN_STRICT_PROTOTYPES = YES;
				CLANG_WARN_SUSPICIOUS_MOVE = YES;
				CLANG_WARN_UNGUARDED_AVAILABILITY = YES_AGGRESSIVE;
				CLANG_WARN_UNREACHABLE_CODE = YES;
				CLANG_WARN__DUPLICATE_METHOD_MATCH = YES;
				COPY_PHASE_STRIP = NO;
				DEBUG_INFORMATION_FORMAT = dwarf;
				ENABLE_STRICT_OBJC_MSGSEND = YES;
				ENABLE_TESTABILITY = YES;
				ENABLE_USER_SCRIPT_SANDBOXING = YES;
				GCC_C_LANGUAGE_STANDARD = gnu17;
				GCC_DYNAMIC_NO_PIC = NO;
				GCC_NO_COMMON_BLOCKS = YES;
				GCC_OPTIMIZATION_LEVEL = 0;
				GCC_PREPROCESSOR_DEFINITIONS = (
					"DEBUG=1",
					"$(inherited)",
				);
				GCC_WARN_64_TO_32_BIT_CONVERSION = YES;
				GCC_WARN_ABOUT_RETURN_TYPE = YES_ERROR;
				GCC_WARN_UNDECLARED_SELECTOR = YES;
				GCC_WARN_UNINITIALIZED_AUTOS = YES_AGGRESSIVE;
				GCC_WARN_UNUSED_FUNCTION = YES;
				GCC_WARN_UNUSED_VARIABLE = YES;
				IPHONEOS_DEPLOYMENT_TARGET = 17.2;
				LOCALIZATION_PREFERS_STRING_CATALOGS = YES;
				MTL_ENABLE_DEBUG_INFO = INCLUDE_SOURCE;
				MTL_FAST_MATH = YES;
				ONLY_ACTIVE_ARCH = YES;
				SDKROOT = iphoneos;
				SWIFT_ACTIVE_COMPILATION_CONDITIONS = "DEBUG $(inherited)";
				SWIFT_OPTIMIZATION_LEVEL = "-Onone";
			};
			name = Debug;
		};
		5C0460592B303FB5004A63F0 /* Release */ = {
			isa = XCBuildConfiguration;
			buildSettings = {
				ALWAYS_SEARCH_USER_PATHS = NO;
				ASSETCATALOG_COMPILER_GENERATE_SWIFT_ASSET_SYMBOL_EXTENSIONS = YES;
				CLANG_ANALYZER_NONNULL = YES;
				CLANG_ANALYZER_NUMBER_OBJECT_CONVERSION = YES_AGGRESSIVE;
				CLANG_CXX_LANGUAGE_STANDARD = "gnu++20";
				CLANG_ENABLE_MODULES = YES;
				CLANG_ENABLE_OBJC_ARC = YES;
				CLANG_ENABLE_OBJC_WEAK = YES;
				CLANG_WARN_BLOCK_CAPTURE_AUTORELEASING = YES;
				CLANG_WARN_BOOL_CONVERSION = YES;
				CLANG_WARN_COMMA = YES;
				CLANG_WARN_CONSTANT_CONVERSION = YES;
				CLANG_WARN_DEPRECATED_OBJC_IMPLEMENTATIONS = YES;
				CLANG_WARN_DIRECT_OBJC_ISA_USAGE = YES_ERROR;
				CLANG_WARN_DOCUMENTATION_COMMENTS = YES;
				CLANG_WARN_EMPTY_BODY = YES;
				CLANG_WARN_ENUM_CONVERSION = YES;
				CLANG_WARN_INFINITE_RECURSION = YES;
				CLANG_WARN_INT_CONVERSION = YES;
				CLANG_WARN_NON_LITERAL_NULL_CONVERSION = YES;
				CLANG_WARN_OBJC_IMPLICIT_RETAIN_SELF = YES;
				CLANG_WARN_OBJC_LITERAL_CONVERSION = YES;
				CLANG_WARN_OBJC_ROOT_CLASS = YES_ERROR;
				CLANG_WARN_QUOTED_INCLUDE_IN_FRAMEWORK_HEADER = YES;
				CLANG_WARN_RANGE_LOOP_ANALYSIS = YES;
				CLANG_WARN_STRICT_PROTOTYPES = YES;
				CLANG_WARN_SUSPICIOUS_MOVE = YES;
				CLANG_WARN_UNGUARDED_AVAILABILITY = YES_AGGRESSIVE;
				CLANG_WARN_UNREACHABLE_CODE = YES;
				CLANG_WARN__DUPLICATE_METHOD_MATCH = YES;
				COPY_PHASE_STRIP = NO;
				DEBUG_INFORMATION_FORMAT = "dwarf-with-dsym";
				ENABLE_NS_ASSERTIONS = NO;
				ENABLE_STRICT_OBJC_MSGSEND = YES;
				ENABLE_USER_SCRIPT_SANDBOXING = YES;
				GCC_C_LANGUAGE_STANDARD = gnu17;
				GCC_NO_COMMON_BLOCKS = YES;
				GCC_WARN_64_TO_32_BIT_CONVERSION = YES;
				GCC_WARN_ABOUT_RETURN_TYPE = YES_ERROR;
				GCC_WARN_UNDECLARED_SELECTOR = YES;
				GCC_WARN_UNINITIALIZED_AUTOS = YES_AGGRESSIVE;
				GCC_WARN_UNUSED_FUNCTION = YES;
				GCC_WARN_UNUSED_VARIABLE = YES;
				IPHONEOS_DEPLOYMENT_TARGET = 17.2;
				LOCALIZATION_PREFERS_STRING_CATALOGS = YES;
				MTL_ENABLE_DEBUG_INFO = NO;
				MTL_FAST_MATH = YES;
				SDKROOT = iphoneos;
				SWIFT_COMPILATION_MODE = wholemodule;
				VALIDATE_PRODUCT = YES;
			};
			name = Release;
		};
		5C04605B2B303FB5004A63F0 /* Debug */ = {
			isa = XCBuildConfiguration;
			buildSettings = {
				ASSETCATALOG_COMPILER_APPICON_NAME = AppIcon;
				ASSETCATALOG_COMPILER_GLOBAL_ACCENT_COLOR_NAME = AccentColor;
				CODE_SIGN_STYLE = Automatic;
				CURRENT_PROJECT_VERSION = 1;
				DEVELOPMENT_ASSET_PATHS = "\"MiddlewareApp/Preview Content\"";
				ENABLE_PREVIEWS = YES;
				GENERATE_INFOPLIST_FILE = YES;
				INFOPLIST_KEY_UIApplicationSceneManifest_Generation = YES;
				INFOPLIST_KEY_UIApplicationSupportsIndirectInputEvents = YES;
				INFOPLIST_KEY_UILaunchScreen_Generation = YES;
				INFOPLIST_KEY_UISupportedInterfaceOrientations_iPad = "UIInterfaceOrientationPortrait UIInterfaceOrientationPortraitUpsideDown UIInterfaceOrientationLandscapeLeft UIInterfaceOrientationLandscapeRight";
				INFOPLIST_KEY_UISupportedInterfaceOrientations_iPhone = "UIInterfaceOrientationPortrait UIInterfaceOrientationLandscapeLeft UIInterfaceOrientationLandscapeRight";
				LD_RUNPATH_SEARCH_PATHS = (
					"$(inherited)",
					"@executable_path/Frameworks",
				);
				MARKETING_VERSION = 1.0;
				PRODUCT_BUNDLE_IDENTIFIER = io.middleware.MiddlewareApp;
				PRODUCT_NAME = "$(TARGET_NAME)";
				SWIFT_EMIT_LOC_STRINGS = YES;
				SWIFT_VERSION = 5.0;
				TARGETED_DEVICE_FAMILY = "1,2";
			};
			name = Debug;
		};
		5C04605C2B303FB5004A63F0 /* Release */ = {
			isa = XCBuildConfiguration;
			buildSettings = {
				ASSETCATALOG_COMPILER_APPICON_NAME = AppIcon;
				ASSETCATALOG_COMPILER_GLOBAL_ACCENT_COLOR_NAME = AccentColor;
				CODE_SIGN_STYLE = Automatic;
				CURRENT_PROJECT_VERSION = 1;
				DEVELOPMENT_ASSET_PATHS = "\"MiddlewareApp/Preview Content\"";
				ENABLE_PREVIEWS = YES;
				GENERATE_INFOPLIST_FILE = YES;
				INFOPLIST_KEY_UIApplicationSceneManifest_Generation = YES;
				INFOPLIST_KEY_UIApplicationSupportsIndirectInputEvents = YES;
				INFOPLIST_KEY_UILaunchScreen_Generation = YES;
				INFOPLIST_KEY_UISupportedInterfaceOrientations_iPad = "UIInterfaceOrientationPortrait UIInterfaceOrientationPortraitUpsideDown UIInterfaceOrientationLandscapeLeft UIInterfaceOrientationLandscapeRight";
				INFOPLIST_KEY_UISupportedInterfaceOrientations_iPhone = "UIInterfaceOrientationPortrait UIInterfaceOrientationLandscapeLeft UIInterfaceOrientationLandscapeRight";
				LD_RUNPATH_SEARCH_PATHS = (
					"$(inherited)",
					"@executable_path/Frameworks",
				);
				MARKETING_VERSION = 1.0;
				PRODUCT_BUNDLE_IDENTIFIER = io.middleware.MiddlewareApp;
				PRODUCT_NAME = "$(TARGET_NAME)";
				SWIFT_EMIT_LOC_STRINGS = YES;
				SWIFT_VERSION = 5.0;
				TARGETED_DEVICE_FAMILY = "1,2";
			};
			name = Release;
		};
		5C04605E2B303FB5004A63F0 /* Debug */ = {
			isa = XCBuildConfiguration;
			buildSettings = {
				ALWAYS_EMBED_SWIFT_STANDARD_LIBRARIES = YES;
				BUNDLE_LOADER = "$(TEST_HOST)";
				CODE_SIGN_STYLE = Automatic;
				CURRENT_PROJECT_VERSION = 1;
				GENERATE_INFOPLIST_FILE = YES;
				IPHONEOS_DEPLOYMENT_TARGET = 17.2;
				MARKETING_VERSION = 1.0;
				PRODUCT_BUNDLE_IDENTIFIER = io.middleware.MiddlewareAppTests;
				PRODUCT_NAME = "$(TARGET_NAME)";
				SWIFT_EMIT_LOC_STRINGS = NO;
				SWIFT_VERSION = 5.0;
				TARGETED_DEVICE_FAMILY = "1,2";
				TEST_HOST = "$(BUILT_PRODUCTS_DIR)/MiddlewareApp.app/$(BUNDLE_EXECUTABLE_FOLDER_PATH)/MiddlewareApp";
			};
			name = Debug;
		};
		5C04605F2B303FB5004A63F0 /* Release */ = {
			isa = XCBuildConfiguration;
			buildSettings = {
				ALWAYS_EMBED_SWIFT_STANDARD_LIBRARIES = YES;
				BUNDLE_LOADER = "$(TEST_HOST)";
				CODE_SIGN_STYLE = Automatic;
				CURRENT_PROJECT_VERSION = 1;
				GENERATE_INFOPLIST_FILE = YES;
				IPHONEOS_DEPLOYMENT_TARGET = 17.2;
				MARKETING_VERSION = 1.0;
				PRODUCT_BUNDLE_IDENTIFIER = io.middleware.MiddlewareAppTests;
				PRODUCT_NAME = "$(TARGET_NAME)";
				SWIFT_EMIT_LOC_STRINGS = NO;
				SWIFT_VERSION = 5.0;
				TARGETED_DEVICE_FAMILY = "1,2";
				TEST_HOST = "$(BUILT_PRODUCTS_DIR)/MiddlewareApp.app/$(BUNDLE_EXECUTABLE_FOLDER_PATH)/MiddlewareApp";
			};
			name = Release;
		};
		5C0460612B303FB5004A63F0 /* Debug */ = {
			isa = XCBuildConfiguration;
			buildSettings = {
				ALWAYS_EMBED_SWIFT_STANDARD_LIBRARIES = YES;
				CODE_SIGN_STYLE = Automatic;
				CURRENT_PROJECT_VERSION = 1;
				GENERATE_INFOPLIST_FILE = YES;
				MARKETING_VERSION = 1.0;
				PRODUCT_BUNDLE_IDENTIFIER = io.middleware.MiddlewareAppUITests;
				PRODUCT_NAME = "$(TARGET_NAME)";
				SWIFT_EMIT_LOC_STRINGS = NO;
				SWIFT_VERSION = 5.0;
				TARGETED_DEVICE_FAMILY = "1,2";
				TEST_TARGET_NAME = MiddlewareApp;
			};
			name = Debug;
		};
		5C0460622B303FB5004A63F0 /* Release */ = {
			isa = XCBuildConfiguration;
			buildSettings = {
				ALWAYS_EMBED_SWIFT_STANDARD_LIBRARIES = YES;
				CODE_SIGN_STYLE = Automatic;
				CURRENT_PROJECT_VERSION = 1;
				GENERATE_INFOPLIST_FILE = YES;
				MARKETING_VERSION = 1.0;
				PRODUCT_BUNDLE_IDENTIFIER = io.middleware.MiddlewareAppUITests;
				PRODUCT_NAME = "$(TARGET_NAME)";
				SWIFT_EMIT_LOC_STRINGS = NO;
				SWIFT_VERSION = 5.0;
				TARGETED_DEVICE_FAMILY = "1,2";
				TEST_TARGET_NAME = MiddlewareApp;
			};
			name = Release;
		};
/* End XCBuildConfiguration section */

/* Begin XCConfigurationList section */
		5C0460312B303FB4004A63F0 /* Build configuration list for PBXProject "MiddlewareApp" */ = {
			isa = XCConfigurationList;
			buildConfigurations = (
				5C0460582B303FB5004A63F0 /* Debug */,
				5C0460592B303FB5004A63F0 /* Release */,
			);
			defaultConfigurationIsVisible = 0;
			defaultConfigurationName = Release;
		};
		5C04605A2B303FB5004A63F0 /* Build configuration list for PBXNativeTarget "MiddlewareApp" */ = {
			isa = XCConfigurationList;
			buildConfigurations = (
				5C04605B2B303FB5004A63F0 /* Debug */,
				5C04605C2B303FB5004A63F0 /* Release */,
			);
			defaultConfigurationIsVisible = 0;
			defaultConfigurationName = Release;
		};
		5C04605D2B303FB5004A63F0 /* Build configuration list for PBXNativeTarget "MiddlewareAppTests" */ = {
			isa = XCConfigurationList;
			buildConfigurations = (
				5C04605E2B303FB5004A63F0 /* Debug */,
				5C04605F2B303FB5004A63F0 /* Release */,
			);
			defaultConfigurationIsVisible = 0;
			defaultConfigurationName = Release;
		};
		5C0460602B303FB5004A63F0 /* Build configuration list for PBXNativeTarget "MiddlewareAppUITests" */ = {
			isa = XCConfigurationList;
			buildConfigurations = (
				5C0460612B303FB5004A63F0 /* Debug */,
				5C0460622B303FB5004A63F0 /* Release */,
			);
			defaultConfigurationIsVisible = 0;
			defaultConfigurationName = Release;
		};
/* End XCConfigurationList section */
	};
	rootObject = 5C04602E2B303FB4004A63F0 /* Project object */;
}
